{
  "requires": true,
  "lockfileVersion": 1,
  "dependencies": {
    "hands": {
      "version": "file:../hands",
      "requires": {
        "msgpack5rpc": "^1.1.0",
        "node-ansiparser": "^2.2.0",
        "node-pty": "^0.7.8",
        "terminal.js": "^1.0.10",
        "ws": "^6.1.0"
      },
      "dependencies": {
        "async-limiter": {
          "version": "1.0.0",
          "bundled": true
        },
        "bl": {
          "version": "1.2.2",
          "bundled": true,
          "requires": {
            "readable-stream": "^2.3.5",
            "safe-buffer": "^5.1.1"
          }
        },
        "core-util-is": {
          "version": "1.0.2",
          "bundled": true
        },
        "inherits": {
          "version": "2.0.3",
          "bundled": true
        },
        "isarray": {
          "version": "1.0.0",
          "bundled": true
        },
        "msgpack5": {
          "version": "3.6.0",
          "bundled": true,
          "requires": {
            "bl": "^1.2.1",
            "inherits": "^2.0.3",
            "readable-stream": "^2.3.3",
            "safe-buffer": "^5.1.1"
          }
        },
        "msgpack5rpc": {
          "version": "1.1.0",
          "bundled": true,
          "requires": {
            "msgpack5": "^3.3.0"
          }
        },
        "nan": {
          "version": "2.10.0",
          "bundled": true
        },
        "node-ansiparser": {
          "version": "2.2.0",
          "bundled": true
        },
        "node-pty": {
          "version": "0.7.8",
          "bundled": true,
          "requires": {
            "nan": "2.10.0"
          }
        },
        "process-nextick-args": {
          "version": "2.0.0",
          "bundled": true
        },
        "readable-stream": {
          "version": "2.3.6",
          "bundled": true,
          "requires": {
            "core-util-is": "~1.0.0",
            "inherits": "~2.0.3",
            "isarray": "~1.0.0",
            "process-nextick-args": "~2.0.0",
            "safe-buffer": "~5.1.1",
            "string_decoder": "~1.1.1",
            "util-deprecate": "~1.0.1"
          }
        },
        "safe-buffer": {
          "version": "5.1.2",
          "bundled": true
        },
        "string_decoder": {
          "version": "1.1.1",
          "bundled": true,
          "requires": {
            "safe-buffer": "~5.1.0"
          }
        },
        "terminal.js": {
          "version": "1.0.10",
          "bundled": true
        },
        "util-deprecate": {
          "version": "1.0.2",
          "bundled": true
        },
        "ws": {
          "version": "6.1.0",
          "bundled": true,
          "requires": {
            "async-limiter": "~1.0.0"
          }
        }
      }
    }
  }
}
