# THIS IS AN AUTOGENERATED FILE. DO NOT EDIT THIS FILE DIRECTLY.
# yarn lockfile v1


async-limiter@~1.0.0:
  version "1.0.0"
  resolved "https://tfs.citrus.nl/tfs/Citrus.NET/_packaging/Optimum/npm/registry/async-limiter/-/async-limiter-1.0.0.tgz#78faed8c3d074ab81f22b4e985d79e8738f720f8"
  integrity sha512-jp/uFnooOiO+L211eZOoSyzpOITMXx1rBITauYykG3BRYPu8h0UcxsPNB04RR5vo4Tyz3+ay17tR6JVf9qzYWg==

chrome-remote-interface@^0.27.2:
  version "0.27.2"
  resolved "https://tfs.citrus.nl/tfs/Citrus.NET/_packaging/Optimum/npm/registry/chrome-remote-interface/-/chrome-remote-interface-0.27.2.tgz#e5605605f092b7ef8575d95304e004039c9d0ab9"
  integrity sha512-pVLljQ29SAx8KIv5tSa9sIf8GrEsAZdPJoeWOmY3/nrIzFmE+EryNNHvDkddGod0cmAFTv+GmPG0uvzxi2NWsA==
  dependencies:
    commander "2.11.x"
    ws "^6.1.0"

commander@2.11.x:
  version "2.11.0"
  resolved "https://tfs.citrus.nl/tfs/Citrus.NET/_packaging/Optimum/npm/registry/commander/-/commander-2.11.0.tgz#157152fd1e7a6c8d98a5b715cf376df928004563"
  integrity sha512-b0553uYA5YAEGgyYIGYROzKQ7X5RAqedkfjiZxwi0kL1g3bOaBNNZfYkzt/CL0umgD5wc9Jec2FbB98CjkMRvQ==

ws@^6.1.0:
  version "6.2.1"
  resolved "https://tfs.citrus.nl/tfs/Citrus.NET/_packaging/Optimum/npm/registry/ws/-/ws-6.2.1.tgz#442fdf0a47ed64f59b6a5d8ff130f4748ed524fb"
  integrity sha512-GIyAXC2cB7LjvpgMt9EKS2ldqr0MTrORaleiOno6TweZ6r3TKtoFQWay/2PceJ3RuBasOHzXNn5Lrw1X0bEjqA==
  dependencies:
    async-limiter "~1.0.0"
